
Microsoft Visual Studio Solution File, Format Version 12.00
# Visual Studio 15
VisualStudioVersion = 15.0.26730.12
MinimumVisualStudioVersion = 10.0.40219.1
Project("{FAE04EC0-301F-11D3-BF4B-00C04F79EFBC}") = "Mislete", "Mislete\Mislete.csproj", "{4BE5B21F-727C-4CD4-8134-A0E4795B88A5}"
EndProject
Global
	GlobalSection(SolutionConfigurationPlatforms) = preSolution
		Debug|Any CPU = Debug|Any CPU
		Release|Any CPU = Release|Any CPU
	EndGlobalSection
	GlobalSection(ProjectConfigurationPlatforms) = postSolution
		{4BE5B21F-727C-4CD4-8134-A0E4795B88A5}.Debug|Any CPU.ActiveCfg = Debug|Any CPU
		{4BE5B21F-727C-4CD4-8134-A0E4795B88A5}.Debug|Any CPU.Build.0 = Debug|Any CPU
		{4BE5B21F-727C-4CD4-8134-A0E4795B88A5}.Release|Any CPU.ActiveCfg = Release|Any CPU
		{4BE5B21F-727C-4CD4-8134-A0E4795B88A5}.Release|Any CPU.Build.0 = Release|Any CPU
	EndGlobalSection
	GlobalSection(SolutionProperties) = preSolution
		HideSolutionNode = FALSE
	EndGlobalSection
	GlobalSection(ExtensibilityGlobals) = postSolution
		SolutionGuid = {24555BDA-B9CB-467F-BD81-4154289C23E8}
	EndGlobalSection
EndGlobal
